
Microsoft Visual Studio Solution File, Format Version 12.00
# Visual Studio 15
VisualStudioVersion = 15.0.26430.16
MinimumVisualStudioVersion = 10.0.40219.1
Project("{FAE04EC0-301F-11D3-BF4B-00C04F79EFBC}") = "FormattingOptionsDemo", "FormattingOptionsDemo\FormattingOptionsDemo.csproj", "{20BDB02B-14E7-4E97-AA9D-D8C56DD524F2}"
EndProject
Project("{FAE04EC0-301F-11D3-BF4B-00C04F79EFBC}") = "QueryBuilder.Core", "D:\aqb\QueryBuilder.Core\QueryBuilder.Core.csproj", "{D571FC40-8EF7-4C6F-925A-4AAE76E157A0}"
EndProject
Project("{FAE04EC0-301F-11D3-BF4B-00C04F79EFBC}") = "QueryBuilder.View", "D:\aqb\QueryBuilder.View\QueryBuilder.View.csproj", "{05768013-1B6A-46B9-BD03-D5487A8FCC53}"
EndProject
Project("{FAE04EC0-301F-11D3-BF4B-00C04F79EFBC}") = "QueryBuilder.View.WinForms", "D:\aqb\QueryBuilder.View.WinForms\QueryBuilder.View.WinForms.csproj", "{7128D76A-0FF3-4782-9448-1D412357CDE9}"
EndProject
Project("{FAE04EC0-301F-11D3-BF4B-00C04F79EFBC}") = "MsSqlMetadataProvider", "D:\aqb\MetadataProviders\MSSQLMetadataProvider\MsSqlMetadataProvider.csproj", "{C1E81F68-F527-4F06-A61A-2606B02AED8A}"
EndProject
Global
	GlobalSection(SolutionConfigurationPlatforms) = preSolution
		Debug_PRO|Any CPU = Debug_PRO|Any CPU
		Debug_STD|Any CPU = Debug_STD|Any CPU
		Debug_TRIAL|Any CPU = Debug_TRIAL|Any CPU
		Debug|Any CPU = Debug|Any CPU
		Release_PRO|Any CPU = Release_PRO|Any CPU
		Release_STD|Any CPU = Release_STD|Any CPU
		Release_TRIAL|Any CPU = Release_TRIAL|Any CPU
		Release|Any CPU = Release|Any CPU
	EndGlobalSection
	GlobalSection(ProjectConfigurationPlatforms) = postSolution
		{20BDB02B-14E7-4E97-AA9D-D8C56DD524F2}.Debug_PRO|Any CPU.ActiveCfg = Debug|Any CPU
		{20BDB02B-14E7-4E97-AA9D-D8C56DD524F2}.Debug_PRO|Any CPU.Build.0 = Debug|Any CPU
		{20BDB02B-14E7-4E97-AA9D-D8C56DD524F2}.Debug_STD|Any CPU.ActiveCfg = Debug|Any CPU
		{20BDB02B-14E7-4E97-AA9D-D8C56DD524F2}.Debug_STD|Any CPU.Build.0 = Debug|Any CPU
		{20BDB02B-14E7-4E97-AA9D-D8C56DD524F2}.Debug_TRIAL|Any CPU.ActiveCfg = Debug|Any CPU
		{20BDB02B-14E7-4E97-AA9D-D8C56DD524F2}.Debug_TRIAL|Any CPU.Build.0 = Debug|Any CPU
		{20BDB02B-14E7-4E97-AA9D-D8C56DD524F2}.Debug|Any CPU.ActiveCfg = Debug|Any CPU
		{20BDB02B-14E7-4E97-AA9D-D8C56DD524F2}.Debug|Any CPU.Build.0 = Debug|Any CPU
		{20BDB02B-14E7-4E97-AA9D-D8C56DD524F2}.Release_PRO|Any CPU.ActiveCfg = Release|Any CPU
		{20BDB02B-14E7-4E97-AA9D-D8C56DD524F2}.Release_PRO|Any CPU.Build.0 = Release|Any CPU
		{20BDB02B-14E7-4E97-AA9D-D8C56DD524F2}.Release_STD|Any CPU.ActiveCfg = Release|Any CPU
		{20BDB02B-14E7-4E97-AA9D-D8C56DD524F2}.Release_STD|Any CPU.Build.0 = Release|Any CPU
		{20BDB02B-14E7-4E97-AA9D-D8C56DD524F2}.Release_TRIAL|Any CPU.ActiveCfg = Release|Any CPU
		{20BDB02B-14E7-4E97-AA9D-D8C56DD524F2}.Release_TRIAL|Any CPU.Build.0 = Release|Any CPU
		{20BDB02B-14E7-4E97-AA9D-D8C56DD524F2}.Release|Any CPU.ActiveCfg = Release|Any CPU
		{20BDB02B-14E7-4E97-AA9D-D8C56DD524F2}.Release|Any CPU.Build.0 = Release|Any CPU
		{D571FC40-8EF7-4C6F-925A-4AAE76E157A0}.Debug_PRO|Any CPU.ActiveCfg = Debug_PRO|Any CPU
		{D571FC40-8EF7-4C6F-925A-4AAE76E157A0}.Debug_PRO|Any CPU.Build.0 = Debug_PRO|Any CPU
		{D571FC40-8EF7-4C6F-925A-4AAE76E157A0}.Debug_STD|Any CPU.ActiveCfg = Debug_STD|Any CPU
		{D571FC40-8EF7-4C6F-925A-4AAE76E157A0}.Debug_STD|Any CPU.Build.0 = Debug_STD|Any CPU
		{D571FC40-8EF7-4C6F-925A-4AAE76E157A0}.Debug_TRIAL|Any CPU.ActiveCfg = Debug_TRIAL|Any CPU
		{D571FC40-8EF7-4C6F-925A-4AAE76E157A0}.Debug_TRIAL|Any CPU.Build.0 = Debug_TRIAL|Any CPU
		{D571FC40-8EF7-4C6F-925A-4AAE76E157A0}.Debug|Any CPU.ActiveCfg = Debug_STD|Any CPU
		{D571FC40-8EF7-4C6F-925A-4AAE76E157A0}.Debug|Any CPU.Build.0 = Debug_STD|Any CPU
		{D571FC40-8EF7-4C6F-925A-4AAE76E157A0}.Release_PRO|Any CPU.ActiveCfg = Release_PRO|Any CPU
		{D571FC40-8EF7-4C6F-925A-4AAE76E157A0}.Release_PRO|Any CPU.Build.0 = Release_PRO|Any CPU
		{D571FC40-8EF7-4C6F-925A-4AAE76E157A0}.Release_STD|Any CPU.ActiveCfg = Release_STD|Any CPU
		{D571FC40-8EF7-4C6F-925A-4AAE76E157A0}.Release_STD|Any CPU.Build.0 = Release_STD|Any CPU
		{D571FC40-8EF7-4C6F-925A-4AAE76E157A0}.Release_TRIAL|Any CPU.ActiveCfg = Release_TRIAL|Any CPU
		{D571FC40-8EF7-4C6F-925A-4AAE76E157A0}.Release_TRIAL|Any CPU.Build.0 = Release_TRIAL|Any CPU
		{D571FC40-8EF7-4C6F-925A-4AAE76E157A0}.Release|Any CPU.ActiveCfg = Release_STD|Any CPU
		{D571FC40-8EF7-4C6F-925A-4AAE76E157A0}.Release|Any CPU.Build.0 = Release_STD|Any CPU
		{05768013-1B6A-46B9-BD03-D5487A8FCC53}.Debug_PRO|Any CPU.ActiveCfg = Debug_PRO|Any CPU
		{05768013-1B6A-46B9-BD03-D5487A8FCC53}.Debug_PRO|Any CPU.Build.0 = Debug_PRO|Any CPU
		{05768013-1B6A-46B9-BD03-D5487A8FCC53}.Debug_STD|Any CPU.ActiveCfg = Debug_STD|Any CPU
		{05768013-1B6A-46B9-BD03-D5487A8FCC53}.Debug_STD|Any CPU.Build.0 = Debug_STD|Any CPU
		{05768013-1B6A-46B9-BD03-D5487A8FCC53}.Debug_TRIAL|Any CPU.ActiveCfg = Debug_TRIAL|Any CPU
		{05768013-1B6A-46B9-BD03-D5487A8FCC53}.Debug_TRIAL|Any CPU.Build.0 = Debug_TRIAL|Any CPU
		{05768013-1B6A-46B9-BD03-D5487A8FCC53}.Debug|Any CPU.ActiveCfg = Debug_STD|Any CPU
		{05768013-1B6A-46B9-BD03-D5487A8FCC53}.Debug|Any CPU.Build.0 = Debug_STD|Any CPU
		{05768013-1B6A-46B9-BD03-D5487A8FCC53}.Release_PRO|Any CPU.ActiveCfg = Release_PRO|Any CPU
		{05768013-1B6A-46B9-BD03-D5487A8FCC53}.Release_PRO|Any CPU.Build.0 = Release_PRO|Any CPU
		{05768013-1B6A-46B9-BD03-D5487A8FCC53}.Release_STD|Any CPU.ActiveCfg = Release_STD|Any CPU
		{05768013-1B6A-46B9-BD03-D5487A8FCC53}.Release_STD|Any CPU.Build.0 = Release_STD|Any CPU
		{05768013-1B6A-46B9-BD03-D5487A8FCC53}.Release_TRIAL|Any CPU.ActiveCfg = Release_TRIAL|Any CPU
		{05768013-1B6A-46B9-BD03-D5487A8FCC53}.Release_TRIAL|Any CPU.Build.0 = Release_TRIAL|Any CPU
		{05768013-1B6A-46B9-BD03-D5487A8FCC53}.Release|Any CPU.ActiveCfg = Release_STD|Any CPU
		{05768013-1B6A-46B9-BD03-D5487A8FCC53}.Release|Any CPU.Build.0 = Release_STD|Any CPU
		{7128D76A-0FF3-4782-9448-1D412357CDE9}.Debug_PRO|Any CPU.ActiveCfg = Debug_PRO|Any CPU
		{7128D76A-0FF3-4782-9448-1D412357CDE9}.Debug_PRO|Any CPU.Build.0 = Debug_PRO|Any CPU
		{7128D76A-0FF3-4782-9448-1D412357CDE9}.Debug_STD|Any CPU.ActiveCfg = Debug_STD|Any CPU
		{7128D76A-0FF3-4782-9448-1D412357CDE9}.Debug_STD|Any CPU.Build.0 = Debug_STD|Any CPU
		{7128D76A-0FF3-4782-9448-1D412357CDE9}.Debug_TRIAL|Any CPU.ActiveCfg = Debug_TRIAL|Any CPU
		{7128D76A-0FF3-4782-9448-1D412357CDE9}.Debug_TRIAL|Any CPU.Build.0 = Debug_TRIAL|Any CPU
		{7128D76A-0FF3-4782-9448-1D412357CDE9}.Debug|Any CPU.ActiveCfg = Debug_PRO|Any CPU
		{7128D76A-0FF3-4782-9448-1D412357CDE9}.Debug|Any CPU.Build.0 = Debug_PRO|Any CPU
		{7128D76A-0FF3-4782-9448-1D412357CDE9}.Release_PRO|Any CPU.ActiveCfg = Release_PRO|Any CPU
		{7128D76A-0FF3-4782-9448-1D412357CDE9}.Release_PRO|Any CPU.Build.0 = Release_PRO|Any CPU
		{7128D76A-0FF3-4782-9448-1D412357CDE9}.Release_STD|Any CPU.ActiveCfg = Release_STD|Any CPU
		{7128D76A-0FF3-4782-9448-1D412357CDE9}.Release_STD|Any CPU.Build.0 = Release_STD|Any CPU
		{7128D76A-0FF3-4782-9448-1D412357CDE9}.Release_TRIAL|Any CPU.ActiveCfg = Release_TRIAL|Any CPU
		{7128D76A-0FF3-4782-9448-1D412357CDE9}.Release_TRIAL|Any CPU.Build.0 = Release_TRIAL|Any CPU
		{7128D76A-0FF3-4782-9448-1D412357CDE9}.Release|Any CPU.ActiveCfg = Release_PRO|Any CPU
		{7128D76A-0FF3-4782-9448-1D412357CDE9}.Release|Any CPU.Build.0 = Release_PRO|Any CPU
		{C1E81F68-F527-4F06-A61A-2606B02AED8A}.Debug_PRO|Any CPU.ActiveCfg = Debug|Any CPU
		{C1E81F68-F527-4F06-A61A-2606B02AED8A}.Debug_PRO|Any CPU.Build.0 = Debug|Any CPU
		{C1E81F68-F527-4F06-A61A-2606B02AED8A}.Debug_STD|Any CPU.ActiveCfg = Debug|Any CPU
		{C1E81F68-F527-4F06-A61A-2606B02AED8A}.Debug_STD|Any CPU.Build.0 = Debug|Any CPU
		{C1E81F68-F527-4F06-A61A-2606B02AED8A}.Debug_TRIAL|Any CPU.ActiveCfg = Debug|Any CPU
		{C1E81F68-F527-4F06-A61A-2606B02AED8A}.Debug_TRIAL|Any CPU.Build.0 = Debug|Any CPU
		{C1E81F68-F527-4F06-A61A-2606B02AED8A}.Debug|Any CPU.ActiveCfg = Debug|Any CPU
		{C1E81F68-F527-4F06-A61A-2606B02AED8A}.Debug|Any CPU.Build.0 = Debug|Any CPU
		{C1E81F68-F527-4F06-A61A-2606B02AED8A}.Release_PRO|Any CPU.ActiveCfg = Release|Any CPU
		{C1E81F68-F527-4F06-A61A-2606B02AED8A}.Release_PRO|Any CPU.Build.0 = Release|Any CPU
		{C1E81F68-F527-4F06-A61A-2606B02AED8A}.Release_STD|Any CPU.ActiveCfg = Release|Any CPU
		{C1E81F68-F527-4F06-A61A-2606B02AED8A}.Release_STD|Any CPU.Build.0 = Release|Any CPU
		{C1E81F68-F527-4F06-A61A-2606B02AED8A}.Release_TRIAL|Any CPU.ActiveCfg = Release|Any CPU
		{C1E81F68-F527-4F06-A61A-2606B02AED8A}.Release_TRIAL|Any CPU.Build.0 = Release|Any CPU
		{C1E81F68-F527-4F06-A61A-2606B02AED8A}.Release|Any CPU.ActiveCfg = Release|Any CPU
		{C1E81F68-F527-4F06-A61A-2606B02AED8A}.Release|Any CPU.Build.0 = Release|Any CPU
	EndGlobalSection
	GlobalSection(SolutionProperties) = preSolution
		HideSolutionNode = FALSE
	EndGlobalSection
EndGlobal
