
Microsoft Visual Studio Solution File, Format Version 12.00
# Visual Studio 15
VisualStudioVersion = 15.0.26430.16
MinimumVisualStudioVersion = 10.0.40219.1
Project("{FAE04EC0-301F-11D3-BF4B-00C04F79EFBC}") = "FormParser", "FormParser\FormParser.csproj", "{FD97FFBB-D6F5-4B89-B70E-F4E527A5463D}"
EndProject
Global
	GlobalSection(SolutionConfigurationPlatforms) = preSolution
		Debug|Any CPU = Debug|Any CPU
		Release|Any CPU = Release|Any CPU
	EndGlobalSection
	GlobalSection(ProjectConfigurationPlatforms) = postSolution
		{FD97FFBB-D6F5-4B89-B70E-F4E527A5463D}.Debug|Any CPU.ActiveCfg = Debug|Any CPU
		{FD97FFBB-D6F5-4B89-B70E-F4E527A5463D}.Debug|Any CPU.Build.0 = Debug|Any CPU
		{FD97FFBB-D6F5-4B89-B70E-F4E527A5463D}.Release|Any CPU.ActiveCfg = Release|Any CPU
		{FD97FFBB-D6F5-4B89-B70E-F4E527A5463D}.Release|Any CPU.Build.0 = Release|Any CPU
	EndGlobalSection
	GlobalSection(SolutionProperties) = preSolution
		HideSolutionNode = FALSE
	EndGlobalSection
EndGlobal
