
Microsoft Visual Studio Solution File, Format Version 12.00
# Visual Studio 15
VisualStudioVersion = 15.0.26430.16
MinimumVisualStudioVersion = 10.0.40219.1
Project("{FAE04EC0-301F-11D3-BF4B-00C04F79EFBC}") = "Lab1", "Lab1\Lab1.csproj", "{536DF834-E907-4F04-811A-64EC0C22F5D0}"
EndProject
Project("{FAE04EC0-301F-11D3-BF4B-00C04F79EFBC}") = "Lab2", "Lab2\Lab2.csproj", "{B87AB84C-35C2-4A86-AA8A-2DDAF86D7B35}"
EndProject
Global
	GlobalSection(SolutionConfigurationPlatforms) = preSolution
		Debug|Any CPU = Debug|Any CPU
		Release|Any CPU = Release|Any CPU
	EndGlobalSection
	GlobalSection(ProjectConfigurationPlatforms) = postSolution
		{536DF834-E907-4F04-811A-64EC0C22F5D0}.Debug|Any CPU.ActiveCfg = Debug|Any CPU
		{536DF834-E907-4F04-811A-64EC0C22F5D0}.Debug|Any CPU.Build.0 = Debug|Any CPU
		{536DF834-E907-4F04-811A-64EC0C22F5D0}.Release|Any CPU.ActiveCfg = Release|Any CPU
		{536DF834-E907-4F04-811A-64EC0C22F5D0}.Release|Any CPU.Build.0 = Release|Any CPU
		{B87AB84C-35C2-4A86-AA8A-2DDAF86D7B35}.Debug|Any CPU.ActiveCfg = Debug|Any CPU
		{B87AB84C-35C2-4A86-AA8A-2DDAF86D7B35}.Debug|Any CPU.Build.0 = Debug|Any CPU
		{B87AB84C-35C2-4A86-AA8A-2DDAF86D7B35}.Release|Any CPU.ActiveCfg = Release|Any CPU
		{B87AB84C-35C2-4A86-AA8A-2DDAF86D7B35}.Release|Any CPU.Build.0 = Release|Any CPU
	EndGlobalSection
	GlobalSection(SolutionProperties) = preSolution
		HideSolutionNode = FALSE
	EndGlobalSection
EndGlobal
